Microsoft Visual Studio Solution File, Format Version 12.00
# Visual Studio Version 17
VisualStudioVersion = 17.5.2.0
MinimumVisualStudioVersion = 10.0.40219.1
Project("{FAE04EC0-301F-11D3-BF4B-00C04F79EFBC}") = "FinalTwo", "FinalTwo.csproj", "{CDEF63F1-84FC-46D9-ADD3-2C53B506F54C}"
EndProject
Global
	GlobalSection(SolutionConfigurationPlatforms) = preSolution
		Debug|Any CPU = Debug|Any CPU
		Release|Any CPU = Release|Any CPU
	EndGlobalSection
	GlobalSection(ProjectConfigurationPlatforms) = postSolution
		{CDEF63F1-84FC-46D9-ADD3-2C53B506F54C}.Debug|Any CPU.ActiveCfg = Debug|Any CPU
		{CDEF63F1-84FC-46D9-ADD3-2C53B506F54C}.Debug|Any CPU.Build.0 = Debug|Any CPU
		{CDEF63F1-84FC-46D9-ADD3-2C53B506F54C}.Release|Any CPU.ActiveCfg = Release|Any CPU
		{CDEF63F1-84FC-46D9-ADD3-2C53B506F54C}.Release|Any CPU.Build.0 = Release|Any CPU
	EndGlobalSection
	GlobalSection(SolutionProperties) = preSolution
		HideSolutionNode = FALSE
	EndGlobalSection
	GlobalSection(ExtensibilityGlobals) = postSolution
		SolutionGuid = {447D5E96-EE32-4A31-880C-8503C7F1C0CE}
	EndGlobalSection
EndGlobal
